<?xml version="1.0" encoding="utf-8"?>
<Project ToolsVersion="4.0" xmlns="http://schemas.microsoft.com/developer/msbuild/2003">
  <ItemGroup>
    <Filter Include="Source files">
      <UniqueIdentifier>{672d9d3b-1a10-4e27-bfba-4bb374f7ef9d}</UniqueIdentifier>
      <Extensions>cpp;c;cc;cxx;def;odl;idl;hpj;bat;asm;asmx</Extensions>
    </Filter>
    <Filter Include="Header files">
      <UniqueIdentifier>{eca12825-9de6-4e54-9493-e9fdca183d80}</UniqueIdentifier>
      <Extensions>h;hpp;hxx;hm;inl;inc;xsd</Extensions>
    </Filter>
    <Filter Include="Resource files">
      <UniqueIdentifier>{ebc51b7a-b77f-47aa-9df3-6be56dacdc5f}</UniqueIdentifier>
      <Extensions>rc;ico;cur;bmp;dlg;rc2;rct;bin;rgs;gif;jpg;jpeg;jpe;resx;tiff;tif;png;wav</Extensions>
    </Filter>
    <Filter Include="Source files\Startup">
      <UniqueIdentifier>{13167eb1-faf1-4149-b65c-a6fb592c5e32}</UniqueIdentifier>
    </Filter>
    <Filter Include="Source files\Src">
      <UniqueIdentifier>{0fa2fcce-d535-4c00-9fed-216d759cce29}</UniqueIdentifier>
    </Filter>
    <Filter Include="Source files\Middlewares">
      <UniqueIdentifier>{a932662e-c5c9-47db-9497-2462ec439b34}</UniqueIdentifier>
    </Filter>
    <Filter Include="Source files\Middlewares\Third_Party">
      <UniqueIdentifier>{8e2154b5-3e7f-4fef-ae82-f70df49b773e}</UniqueIdentifier>
    </Filter>
    <Filter Include="Source files\Middlewares\Third_Party\FatFs">
      <UniqueIdentifier>{bdf4a877-364d-40be-82a9-15d548cc2abf}</UniqueIdentifier>
    </Filter>
    <Filter Include="Source files\Middlewares\Third_Party\FatFs\src">
      <UniqueIdentifier>{38a6040f-329a-4f0a-a148-aa6eeb226cb3}</UniqueIdentifier>
    </Filter>
    <Filter Include="Source files\Middlewares\Third_Party\FatFs\src\option">
      <UniqueIdentifier>{8058ae90-c5ec-4509-8e9c-20651f31f145}</UniqueIdentifier>
    </Filter>
    <Filter Include="Source files\Drivers">
      <UniqueIdentifier>{7f7114a9-4253-417d-83d5-1dd699b5c803}</UniqueIdentifier>
    </Filter>
    <Filter Include="Source files\Drivers\CMSIS">
      <UniqueIdentifier>{7649dfb2-4ece-47d8-b6e1-715dd7876a15}</UniqueIdentifier>
    </Filter>
    <Filter Include="Source files\Drivers\CMSIS\Device">
      <UniqueIdentifier>{d866db56-af45-43c9-a206-e1702cb4a0a7}</UniqueIdentifier>
    </Filter>
    <Filter Include="Source files\Drivers\CMSIS\Device\ST">
      <UniqueIdentifier>{ca15d7c9-02f5-48d6-8b55-e36c1517397d}</UniqueIdentifier>
    </Filter>
    <Filter Include="Source files\Drivers\CMSIS\Device\ST\STM32F7xx">
      <UniqueIdentifier>{23ceae1b-ae86-4075-bdcc-f4af156aab76}</UniqueIdentifier>
    </Filter>
    <Filter Include="Source files\Drivers\CMSIS\Device\ST\STM32F7xx\Include">
      <UniqueIdentifier>{715aa800-9f77-410f-a717-c75681487eae}</UniqueIdentifier>
    </Filter>
    <Filter Include="Source files\Drivers\CMSIS\Include">
      <UniqueIdentifier>{669ad395-2a8e-4d83-ada3-f6193e0fed7a}</UniqueIdentifier>
    </Filter>
    <Filter Include="Source files\Drivers\STM32F7xx_HAL_Driver">
      <UniqueIdentifier>{17e3fd39-eca4-4e40-9efa-1438ca734db1}</UniqueIdentifier>
    </Filter>
    <Filter Include="Source files\Drivers\STM32F7xx_HAL_Driver\Inc">
      <UniqueIdentifier>{02e615ab-93af-42e9-a432-de754c3c6661}</UniqueIdentifier>
    </Filter>
    <Filter Include="Source files\Drivers\STM32F7xx_HAL_Driver\Inc\Legacy">
      <UniqueIdentifier>{409c3ce9-db81-421b-ab85-3d171d3a0660}</UniqueIdentifier>
    </Filter>
    <Filter Include="Source files\Drivers\STM32F7xx_HAL_Driver\Src">
      <UniqueIdentifier>{864b2edb-55aa-4717-8d70-2d9a61e6c9a6}</UniqueIdentifier>
    </Filter>
    <Filter Include="Source files\Device-specific files">
      <UniqueIdentifier>{c44c6372-8496-4d4f-b612-f0d1f7a60191}</UniqueIdentifier>
    </Filter>
    <Filter Include="Header files\Startup">
      <UniqueIdentifier>{2ed522a4-712f-4bc1-86cb-3badeab28af7}</UniqueIdentifier>
    </Filter>
    <Filter Include="Header files\Src">
      <UniqueIdentifier>{41d7af32-09b7-42b4-93f0-2c2eeee3f7aa}</UniqueIdentifier>
    </Filter>
    <Filter Include="Header files\Middlewares">
      <UniqueIdentifier>{2c5af5fd-caa3-4ff2-9abb-387fffaa92aa}</UniqueIdentifier>
    </Filter>
    <Filter Include="Header files\Middlewares\Third_Party">
      <UniqueIdentifier>{0b011e2e-0d82-4f90-a442-aba8e2c85523}</UniqueIdentifier>
    </Filter>
    <Filter Include="Header files\Middlewares\Third_Party\FatFs">
      <UniqueIdentifier>{866da522-46e7-4294-99e7-f84308f76ff7}</UniqueIdentifier>
    </Filter>
    <Filter Include="Header files\Middlewares\Third_Party\FatFs\src">
      <UniqueIdentifier>{a74de960-f11e-45ba-a513-f33dcdd35e76}</UniqueIdentifier>
    </Filter>
    <Filter Include="Header files\Middlewares\Third_Party\FatFs\src\option">
      <UniqueIdentifier>{69d5f3eb-2c78-4e8c-85c3-bf2dfbb1f904}</UniqueIdentifier>
    </Filter>
    <Filter Include="Header files\Drivers">
      <UniqueIdentifier>{3be3d122-704d-40be-978f-2dd089fefd1b}</UniqueIdentifier>
    </Filter>
    <Filter Include="Header files\Drivers\CMSIS">
      <UniqueIdentifier>{63057438-0ff6-40d0-b64e-40b48d703c3d}</UniqueIdentifier>
    </Filter>
    <Filter Include="Header files\Drivers\CMSIS\Device">
      <UniqueIdentifier>{6dc6a61d-5529-4e74-9ae2-0a6f02c4988f}</UniqueIdentifier>
    </Filter>
    <Filter Include="Header files\Drivers\CMSIS\Device\ST">
      <UniqueIdentifier>{d4b54b1a-8f3a-453b-81f7-e66e486ecdaf}</UniqueIdentifier>
    </Filter>
    <Filter Include="Header files\Drivers\CMSIS\Device\ST\STM32F7xx">
      <UniqueIdentifier>{6ff581c8-4cb4-4375-8fc2-ff1cfc4c402b}</UniqueIdentifier>
    </Filter>
    <Filter Include="Header files\Drivers\CMSIS\Device\ST\STM32F7xx\Include">
      <UniqueIdentifier>{9f3ece47-1fc5-4c03-94b6-e6420b3703b6}</UniqueIdentifier>
    </Filter>
    <Filter Include="Header files\Drivers\CMSIS\Include">
      <UniqueIdentifier>{5f72b29c-cf9b-4f09-8ff9-bb9743a1eea4}</UniqueIdentifier>
    </Filter>
    <Filter Include="Header files\Drivers\STM32F7xx_HAL_Driver">
      <UniqueIdentifier>{73de11a2-0009-4384-b7e0-166b668eba5a}</UniqueIdentifier>
    </Filter>
    <Filter Include="Header files\Drivers\STM32F7xx_HAL_Driver\Inc">
      <UniqueIdentifier>{2b29a794-26c1-4a8a-bee4-b1e444083b4c}</UniqueIdentifier>
    </Filter>
    <Filter Include="Header files\Drivers\STM32F7xx_HAL_Driver\Inc\Legacy">
      <UniqueIdentifier>{5a9d9321-767d-4d9e-9d03-f153cb5ecf21}</UniqueIdentifier>
    </Filter>
    <Filter Include="Header files\Drivers\STM32F7xx_HAL_Driver\Src">
      <UniqueIdentifier>{68989440-7f23-45f0-b188-49ee56e3ebf4}</UniqueIdentifier>
    </Filter>
    <Filter Include="Header files\Device-specific files">
      <UniqueIdentifier>{603c175a-1758-4a50-8c8b-4a67fb23291d}</UniqueIdentifier>
    </Filter>
    <Filter Include="VisualGDB settings">
      <UniqueIdentifier>{386c20df-6003-4fa8-8c06-725dcd987a5a}</UniqueIdentifier>
    </Filter>
    <Filter Include="Source files\Middlewares\sdcard">
      <UniqueIdentifier>{33af9467-a459-4f31-af85-8479176c5f82}</UniqueIdentifier>
    </Filter>
  </ItemGroup>
  <ItemGroup>
    <ClCompile Include="..\Startup\startup_stm32f746nghx.s">
      <Filter>Source files\Startup</Filter>
    </ClCompile>
    <ClCompile Include="..\Src\crc.c">
      <Filter>Source files\Src</Filter>
    </ClCompile>
    <ClCompile Include="..\Src\dma2d.c">
      <Filter>Source files\Src</Filter>
    </ClCompile>
    <ClCompile Include="..\Src\fatfs.c">
      <Filter>Source files\Src</Filter>
    </ClCompile>
    <ClCompile Include="..\Src\gpio.c">
      <Filter>Source files\Src</Filter>
    </ClCompile>
    <ClCompile Include="..\Src\main.c">
      <Filter>Source files\Src</Filter>
    </ClCompile>
    <ClCompile Include="..\Src\spi.c">
      <Filter>Source files\Src</Filter>
    </ClCompile>
    <ClCompile Include="..\Src\stm32f7xx_hal_msp.c">
      <Filter>Source files\Src</Filter>
    </ClCompile>
    <ClCompile Include="..\Src\stm32f7xx_it.c">
      <Filter>Source files\Src</Filter>
    </ClCompile>
    <ClCompile Include="..\Src\syscalls.c">
      <Filter>Source files\Src</Filter>
    </ClCompile>
    <ClCompile Include="..\Src\sysmem.c">
      <Filter>Source files\Src</Filter>
    </ClCompile>
    <ClCompile Include="..\Src\system_stm32f7xx.c">
      <Filter>Source files\Src</Filter>
    </ClCompile>
    <ClCompile Include="..\Src\usart.c">
      <Filter>Source files\Src</Filter>
    </ClCompile>
    <ClCompile Include="..\Src\user_diskio.c">
      <Filter>Source files\Src</Filter>
    </ClCompile>
    <ClCompile Include="..\Middlewares\Third_Party\FatFs\src\diskio.c">
      <Filter>Source files\Middlewares\Third_Party\FatFs\src</Filter>
    </ClCompile>
    <ClInclude Include="..\Middlewares\Third_Party\FatFs\src\diskio.h">
      <Filter>Source files\Middlewares\Third_Party\FatFs\src</Filter>
    </ClInclude>
    <ClCompile Include="..\Middlewares\Third_Party\FatFs\src\ff.c">
      <Filter>Source files\Middlewares\Third_Party\FatFs\src</Filter>
    </ClCompile>
    <ClInclude Include="..\Middlewares\Third_Party\FatFs\src\ff.h">
      <Filter>Source files\Middlewares\Third_Party\FatFs\src</Filter>
    </ClInclude>
    <ClCompile Include="..\Middlewares\Third_Party\FatFs\src\ff_gen_drv.c">
      <Filter>Source files\Middlewares\Third_Party\FatFs\src</Filter>
    </ClCompile>
    <ClInclude Include="..\Middlewares\Third_Party\FatFs\src\ff_gen_drv.h">
      <Filter>Source files\Middlewares\Third_Party\FatFs\src</Filter>
    </ClInclude>
    <ClInclude Include="..\Middlewares\Third_Party\FatFs\src\integer.h">
      <Filter>Source files\Middlewares\Third_Party\FatFs\src</Filter>
    </ClInclude>
    <ClCompile Include="..\Middlewares\Third_Party\FatFs\src\option\ccsbcs.c">
      <Filter>Source files\Middlewares\Third_Party\FatFs\src\option</Filter>
    </ClCompile>
    <ClCompile Include="..\Middlewares\Third_Party\FatFs\src\option\syscall.c">
      <Filter>Source files\Middlewares\Third_Party\FatFs\src\option</Filter>
    </ClCompile>
    <ClInclude Include="..\Drivers\CMSIS\Device\ST\STM32F7xx\Include\stm32f746xx.h">
      <Filter>Source files\Drivers\CMSIS\Device\ST\STM32F7xx\Include</Filter>
    </ClInclude>
    <ClInclude Include="..\Drivers\CMSIS\Device\ST\STM32F7xx\Include\stm32f7xx.h">
      <Filter>Source files\Drivers\CMSIS\Device\ST\STM32F7xx\Include</Filter>
    </ClInclude>
    <ClInclude Include="..\Drivers\CMSIS\Device\ST\STM32F7xx\Include\system_stm32f7xx.h">
      <Filter>Source files\Drivers\CMSIS\Device\ST\STM32F7xx\Include</Filter>
    </ClInclude>
    <ClInclude Include="..\Drivers\CMSIS\Include\cmsis_armcc.h">
      <Filter>Source files\Drivers\CMSIS\Include</Filter>
    </ClInclude>
    <ClInclude Include="..\Drivers\CMSIS\Include\cmsis_armclang.h">
      <Filter>Source files\Drivers\CMSIS\Include</Filter>
    </ClInclude>
    <ClInclude Include="..\Drivers\CMSIS\Include\cmsis_compiler.h">
      <Filter>Source files\Drivers\CMSIS\Include</Filter>
    </ClInclude>
    <ClInclude Include="..\Drivers\CMSIS\Include\cmsis_gcc.h">
      <Filter>Source files\Drivers\CMSIS\Include</Filter>
    </ClInclude>
    <ClInclude Include="..\Drivers\CMSIS\Include\cmsis_iccarm.h">
      <Filter>Source files\Drivers\CMSIS\Include</Filter>
    </ClInclude>
    <ClInclude Include="..\Drivers\CMSIS\Include\cmsis_version.h">
      <Filter>Source files\Drivers\CMSIS\Include</Filter>
    </ClInclude>
    <ClInclude Include="..\Drivers\CMSIS\Include\core_armv8mbl.h">
      <Filter>Source files\Drivers\CMSIS\Include</Filter>
    </ClInclude>
    <ClInclude Include="..\Drivers\CMSIS\Include\core_armv8mml.h">
      <Filter>Source files\Drivers\CMSIS\Include</Filter>
    </ClInclude>
    <ClInclude Include="..\Drivers\CMSIS\Include\core_cm0.h">
      <Filter>Source files\Drivers\CMSIS\Include</Filter>
    </ClInclude>
    <ClInclude Include="..\Drivers\CMSIS\Include\core_cm0plus.h">
      <Filter>Source files\Drivers\CMSIS\Include</Filter>
    </ClInclude>
    <ClInclude Include="..\Drivers\CMSIS\Include\core_cm1.h">
      <Filter>Source files\Drivers\CMSIS\Include</Filter>
    </ClInclude>
    <ClInclude Include="..\Drivers\CMSIS\Include\core_cm23.h">
      <Filter>Source files\Drivers\CMSIS\Include</Filter>
    </ClInclude>
    <ClInclude Include="..\Drivers\CMSIS\Include\core_cm3.h">
      <Filter>Source files\Drivers\CMSIS\Include</Filter>
    </ClInclude>
    <ClInclude Include="..\Drivers\CMSIS\Include\core_cm33.h">
      <Filter>Source files\Drivers\CMSIS\Include</Filter>
    </ClInclude>
    <ClInclude Include="..\Drivers\CMSIS\Include\core_cm4.h">
      <Filter>Source files\Drivers\CMSIS\Include</Filter>
    </ClInclude>
    <ClInclude Include="..\Drivers\CMSIS\Include\core_cm7.h">
      <Filter>Source files\Drivers\CMSIS\Include</Filter>
    </ClInclude>
    <ClInclude Include="..\Drivers\CMSIS\Include\core_sc000.h">
      <Filter>Source files\Drivers\CMSIS\Include</Filter>
    </ClInclude>
    <ClInclude Include="..\Drivers\CMSIS\Include\core_sc300.h">
      <Filter>Source files\Drivers\CMSIS\Include</Filter>
    </ClInclude>
    <ClInclude Include="..\Drivers\CMSIS\Include\mpu_armv7.h">
      <Filter>Source files\Drivers\CMSIS\Include</Filter>
    </ClInclude>
    <ClInclude Include="..\Drivers\CMSIS\Include\mpu_armv8.h">
      <Filter>Source files\Drivers\CMSIS\Include</Filter>
    </ClInclude>
    <ClInclude Include="..\Drivers\CMSIS\Include\tz_context.h">
      <Filter>Source files\Drivers\CMSIS\Include</Filter>
    </ClInclude>
    <ClInclude Include="..\Drivers\STM32F7xx_HAL_Driver\Inc\stm32f7xx_hal.h">
      <Filter>Source files\Drivers\STM32F7xx_HAL_Driver\Inc</Filter>
    </ClInclude>
    <ClInclude Include="..\Drivers\STM32F7xx_HAL_Driver\Inc\stm32f7xx_hal_cortex.h">
      <Filter>Source files\Drivers\STM32F7xx_HAL_Driver\Inc</Filter>
    </ClInclude>
    <ClInclude Include="..\Drivers\STM32F7xx_HAL_Driver\Inc\stm32f7xx_hal_crc.h">
      <Filter>Source files\Drivers\STM32F7xx_HAL_Driver\Inc</Filter>
    </ClInclude>
    <ClInclude Include="..\Drivers\STM32F7xx_HAL_Driver\Inc\stm32f7xx_hal_crc_ex.h">
      <Filter>Source files\Drivers\STM32F7xx_HAL_Driver\Inc</Filter>
    </ClInclude>
    <ClInclude Include="..\Drivers\STM32F7xx_HAL_Driver\Inc\stm32f7xx_hal_def.h">
      <Filter>Source files\Drivers\STM32F7xx_HAL_Driver\Inc</Filter>
    </ClInclude>
    <ClInclude Include="..\Drivers\STM32F7xx_HAL_Driver\Inc\stm32f7xx_hal_dma.h">
      <Filter>Source files\Drivers\STM32F7xx_HAL_Driver\Inc</Filter>
    </ClInclude>
    <ClInclude Include="..\Drivers\STM32F7xx_HAL_Driver\Inc\stm32f7xx_hal_dma2d.h">
      <Filter>Source files\Drivers\STM32F7xx_HAL_Driver\Inc</Filter>
    </ClInclude>
    <ClInclude Include="..\Drivers\STM32F7xx_HAL_Driver\Inc\stm32f7xx_hal_dma_ex.h">
      <Filter>Source files\Drivers\STM32F7xx_HAL_Driver\Inc</Filter>
    </ClInclude>
    <ClInclude Include="..\Drivers\STM32F7xx_HAL_Driver\Inc\stm32f7xx_hal_exti.h">
      <Filter>Source files\Drivers\STM32F7xx_HAL_Driver\Inc</Filter>
    </ClInclude>
    <ClInclude Include="..\Drivers\STM32F7xx_HAL_Driver\Inc\stm32f7xx_hal_flash.h">
      <Filter>Source files\Drivers\STM32F7xx_HAL_Driver\Inc</Filter>
    </ClInclude>
    <ClInclude Include="..\Drivers\STM32F7xx_HAL_Driver\Inc\stm32f7xx_hal_flash_ex.h">
      <Filter>Source files\Drivers\STM32F7xx_HAL_Driver\Inc</Filter>
    </ClInclude>
    <ClInclude Include="..\Drivers\STM32F7xx_HAL_Driver\Inc\stm32f7xx_hal_gpio.h">
      <Filter>Source files\Drivers\STM32F7xx_HAL_Driver\Inc</Filter>
    </ClInclude>
    <ClInclude Include="..\Drivers\STM32F7xx_HAL_Driver\Inc\stm32f7xx_hal_gpio_ex.h">
      <Filter>Source files\Drivers\STM32F7xx_HAL_Driver\Inc</Filter>
    </ClInclude>
    <ClInclude Include="..\Drivers\STM32F7xx_HAL_Driver\Inc\stm32f7xx_hal_i2c.h">
      <Filter>Source files\Drivers\STM32F7xx_HAL_Driver\Inc</Filter>
    </ClInclude>
    <ClInclude Include="..\Drivers\STM32F7xx_HAL_Driver\Inc\stm32f7xx_hal_i2c_ex.h">
      <Filter>Source files\Drivers\STM32F7xx_HAL_Driver\Inc</Filter>
    </ClInclude>
    <ClInclude Include="..\Drivers\STM32F7xx_HAL_Driver\Inc\stm32f7xx_hal_pwr.h">
      <Filter>Source files\Drivers\STM32F7xx_HAL_Driver\Inc</Filter>
    </ClInclude>
    <ClInclude Include="..\Drivers\STM32F7xx_HAL_Driver\Inc\stm32f7xx_hal_pwr_ex.h">
      <Filter>Source files\Drivers\STM32F7xx_HAL_Driver\Inc</Filter>
    </ClInclude>
    <ClInclude Include="..\Drivers\STM32F7xx_HAL_Driver\Inc\stm32f7xx_hal_rcc.h">
      <Filter>Source files\Drivers\STM32F7xx_HAL_Driver\Inc</Filter>
    </ClInclude>
    <ClInclude Include="..\Drivers\STM32F7xx_HAL_Driver\Inc\stm32f7xx_hal_rcc_ex.h">
      <Filter>Source files\Drivers\STM32F7xx_HAL_Driver\Inc</Filter>
    </ClInclude>
    <ClInclude Include="..\Drivers\STM32F7xx_HAL_Driver\Inc\stm32f7xx_hal_spi.h">
      <Filter>Source files\Drivers\STM32F7xx_HAL_Driver\Inc</Filter>
    </ClInclude>
    <ClInclude Include="..\Drivers\STM32F7xx_HAL_Driver\Inc\stm32f7xx_hal_spi_ex.h">
      <Filter>Source files\Drivers\STM32F7xx_HAL_Driver\Inc</Filter>
    </ClInclude>
    <ClInclude Include="..\Drivers\STM32F7xx_HAL_Driver\Inc\stm32f7xx_hal_tim.h">
      <Filter>Source files\Drivers\STM32F7xx_HAL_Driver\Inc</Filter>
    </ClInclude>
    <ClInclude Include="..\Drivers\STM32F7xx_HAL_Driver\Inc\stm32f7xx_hal_tim_ex.h">
      <Filter>Source files\Drivers\STM32F7xx_HAL_Driver\Inc</Filter>
    </ClInclude>
    <ClInclude Include="..\Drivers\STM32F7xx_HAL_Driver\Inc\stm32f7xx_hal_uart.h">
      <Filter>Source files\Drivers\STM32F7xx_HAL_Driver\Inc</Filter>
    </ClInclude>
    <ClInclude Include="..\Drivers\STM32F7xx_HAL_Driver\Inc\stm32f7xx_hal_uart_ex.h">
      <Filter>Source files\Drivers\STM32F7xx_HAL_Driver\Inc</Filter>
    </ClInclude>
    <ClInclude Include="..\Drivers\STM32F7xx_HAL_Driver\Inc\stm32f7xx_ll_bus.h">
      <Filter>Source files\Drivers\STM32F7xx_HAL_Driver\Inc</Filter>
    </ClInclude>
    <ClInclude Include="..\Drivers\STM32F7xx_HAL_Driver\Inc\stm32f7xx_ll_cortex.h">
      <Filter>Source files\Drivers\STM32F7xx_HAL_Driver\Inc</Filter>
    </ClInclude>
    <ClInclude Include="..\Drivers\STM32F7xx_HAL_Driver\Inc\stm32f7xx_ll_crc.h">
      <Filter>Source files\Drivers\STM32F7xx_HAL_Driver\Inc</Filter>
    </ClInclude>
    <ClInclude Include="..\Drivers\STM32F7xx_HAL_Driver\Inc\stm32f7xx_ll_dma.h">
      <Filter>Source files\Drivers\STM32F7xx_HAL_Driver\Inc</Filter>
    </ClInclude>
    <ClInclude Include="..\Drivers\STM32F7xx_HAL_Driver\Inc\stm32f7xx_ll_dma2d.h">
      <Filter>Source files\Drivers\STM32F7xx_HAL_Driver\Inc</Filter>
    </ClInclude>
    <ClInclude Include="..\Drivers\STM32F7xx_HAL_Driver\Inc\stm32f7xx_ll_exti.h">
      <Filter>Source files\Drivers\STM32F7xx_HAL_Driver\Inc</Filter>
    </ClInclude>
    <ClInclude Include="..\Drivers\STM32F7xx_HAL_Driver\Inc\stm32f7xx_ll_gpio.h">
      <Filter>Source files\Drivers\STM32F7xx_HAL_Driver\Inc</Filter>
    </ClInclude>
    <ClInclude Include="..\Drivers\STM32F7xx_HAL_Driver\Inc\stm32f7xx_ll_pwr.h">
      <Filter>Source files\Drivers\STM32F7xx_HAL_Driver\Inc</Filter>
    </ClInclude>
    <ClInclude Include="..\Drivers\STM32F7xx_HAL_Driver\Inc\stm32f7xx_ll_rcc.h">
      <Filter>Source files\Drivers\STM32F7xx_HAL_Driver\Inc</Filter>
    </ClInclude>
    <ClInclude Include="..\Drivers\STM32F7xx_HAL_Driver\Inc\stm32f7xx_ll_system.h">
      <Filter>Source files\Drivers\STM32F7xx_HAL_Driver\Inc</Filter>
    </ClInclude>
    <ClInclude Include="..\Drivers\STM32F7xx_HAL_Driver\Inc\stm32f7xx_ll_usart.h">
      <Filter>Source files\Drivers\STM32F7xx_HAL_Driver\Inc</Filter>
    </ClInclude>
    <ClInclude Include="..\Drivers\STM32F7xx_HAL_Driver\Inc\stm32f7xx_ll_utils.h">
      <Filter>Source files\Drivers\STM32F7xx_HAL_Driver\Inc</Filter>
    </ClInclude>
    <ClInclude Include="..\Drivers\STM32F7xx_HAL_Driver\Inc\Legacy\stm32_hal_legacy.h">
      <Filter>Source files\Drivers\STM32F7xx_HAL_Driver\Inc\Legacy</Filter>
    </ClInclude>
    <ClCompile Include="..\Drivers\STM32F7xx_HAL_Driver\Src\stm32f7xx_hal.c">
      <Filter>Source files\Drivers\STM32F7xx_HAL_Driver\Src</Filter>
    </ClCompile>
    <ClCompile Include="..\Drivers\STM32F7xx_HAL_Driver\Src\stm32f7xx_hal_cortex.c">
      <Filter>Source files\Drivers\STM32F7xx_HAL_Driver\Src</Filter>
    </ClCompile>
    <ClCompile Include="..\Drivers\STM32F7xx_HAL_Driver\Src\stm32f7xx_hal_crc.c">
      <Filter>Source files\Drivers\STM32F7xx_HAL_Driver\Src</Filter>
    </ClCompile>
    <ClCompile Include="..\Drivers\STM32F7xx_HAL_Driver\Src\stm32f7xx_hal_crc_ex.c">
      <Filter>Source files\Drivers\STM32F7xx_HAL_Driver\Src</Filter>
    </ClCompile>
    <ClCompile Include="..\Drivers\STM32F7xx_HAL_Driver\Src\stm32f7xx_hal_dma.c">
      <Filter>Source files\Drivers\STM32F7xx_HAL_Driver\Src</Filter>
    </ClCompile>
    <ClCompile Include="..\Drivers\STM32F7xx_HAL_Driver\Src\stm32f7xx_hal_dma2d.c">
      <Filter>Source files\Drivers\STM32F7xx_HAL_Driver\Src</Filter>
    </ClCompile>
    <ClCompile Include="..\Drivers\STM32F7xx_HAL_Driver\Src\stm32f7xx_hal_dma_ex.c">
      <Filter>Source files\Drivers\STM32F7xx_HAL_Driver\Src</Filter>
    </ClCompile>
    <ClCompile Include="..\Drivers\STM32F7xx_HAL_Driver\Src\stm32f7xx_hal_exti.c">
      <Filter>Source files\Drivers\STM32F7xx_HAL_Driver\Src</Filter>
    </ClCompile>
    <ClCompile Include="..\Drivers\STM32F7xx_HAL_Driver\Src\stm32f7xx_hal_flash.c">
      <Filter>Source files\Drivers\STM32F7xx_HAL_Driver\Src</Filter>
    </ClCompile>
    <ClCompile Include="..\Drivers\STM32F7xx_HAL_Driver\Src\stm32f7xx_hal_flash_ex.c">
      <Filter>Source files\Drivers\STM32F7xx_HAL_Driver\Src</Filter>
    </ClCompile>
    <ClCompile Include="..\Drivers\STM32F7xx_HAL_Driver\Src\stm32f7xx_hal_gpio.c">
      <Filter>Source files\Drivers\STM32F7xx_HAL_Driver\Src</Filter>
    </ClCompile>
    <ClCompile Include="..\Drivers\STM32F7xx_HAL_Driver\Src\stm32f7xx_hal_i2c.c">
      <Filter>Source files\Drivers\STM32F7xx_HAL_Driver\Src</Filter>
    </ClCompile>
    <ClCompile Include="..\Drivers\STM32F7xx_HAL_Driver\Src\stm32f7xx_hal_i2c_ex.c">
      <Filter>Source files\Drivers\STM32F7xx_HAL_Driver\Src</Filter>
    </ClCompile>
    <ClCompile Include="..\Drivers\STM32F7xx_HAL_Driver\Src\stm32f7xx_hal_pwr.c">
      <Filter>Source files\Drivers\STM32F7xx_HAL_Driver\Src</Filter>
    </ClCompile>
    <ClCompile Include="..\Drivers\STM32F7xx_HAL_Driver\Src\stm32f7xx_hal_pwr_ex.c">
      <Filter>Source files\Drivers\STM32F7xx_HAL_Driver\Src</Filter>
    </ClCompile>
    <ClCompile Include="..\Drivers\STM32F7xx_HAL_Driver\Src\stm32f7xx_hal_rcc.c">
      <Filter>Source files\Drivers\STM32F7xx_HAL_Driver\Src</Filter>
    </ClCompile>
    <ClCompile Include="..\Drivers\STM32F7xx_HAL_Driver\Src\stm32f7xx_hal_rcc_ex.c">
      <Filter>Source files\Drivers\STM32F7xx_HAL_Driver\Src</Filter>
    </ClCompile>
    <ClCompile Include="..\Drivers\STM32F7xx_HAL_Driver\Src\stm32f7xx_hal_spi.c">
      <Filter>Source files\Drivers\STM32F7xx_HAL_Driver\Src</Filter>
    </ClCompile>
    <ClCompile Include="..\Drivers\STM32F7xx_HAL_Driver\Src\stm32f7xx_hal_spi_ex.c">
      <Filter>Source files\Drivers\STM32F7xx_HAL_Driver\Src</Filter>
    </ClCompile>
    <ClCompile Include="..\Drivers\STM32F7xx_HAL_Driver\Src\stm32f7xx_hal_tim.c">
      <Filter>Source files\Drivers\STM32F7xx_HAL_Driver\Src</Filter>
    </ClCompile>
    <ClCompile Include="..\Drivers\STM32F7xx_HAL_Driver\Src\stm32f7xx_hal_tim_ex.c">
      <Filter>Source files\Drivers\STM32F7xx_HAL_Driver\Src</Filter>
    </ClCompile>
    <ClCompile Include="..\Drivers\STM32F7xx_HAL_Driver\Src\stm32f7xx_hal_uart.c">
      <Filter>Source files\Drivers\STM32F7xx_HAL_Driver\Src</Filter>
    </ClCompile>
    <ClCompile Include="..\Drivers\STM32F7xx_HAL_Driver\Src\stm32f7xx_hal_uart_ex.c">
      <Filter>Source files\Drivers\STM32F7xx_HAL_Driver\Src</Filter>
    </ClCompile>
    <None Include="stm32.props">
      <Filter>Source files\Device-specific files</Filter>
    </None>
    <ClInclude Include="..\Inc\crc.h">
      <Filter>Header files\Src</Filter>
    </ClInclude>
    <ClInclude Include="..\Inc\dma2d.h">
      <Filter>Header files\Src</Filter>
    </ClInclude>
    <ClInclude Include="..\Inc\fatfs.h">
      <Filter>Header files\Src</Filter>
    </ClInclude>
    <ClInclude Include="..\Inc\ffconf.h">
      <Filter>Header files\Src</Filter>
    </ClInclude>
    <ClInclude Include="..\Inc\gpio.h">
      <Filter>Header files\Src</Filter>
    </ClInclude>
    <ClInclude Include="..\Inc\main.h">
      <Filter>Header files\Src</Filter>
    </ClInclude>
    <ClInclude Include="..\Inc\spi.h">
      <Filter>Header files\Src</Filter>
    </ClInclude>
    <ClInclude Include="..\Inc\stm32f7xx_hal_conf.h">
      <Filter>Header files\Src</Filter>
    </ClInclude>
    <ClInclude Include="..\Inc\stm32f7xx_it.h">
      <Filter>Header files\Src</Filter>
    </ClInclude>
    <ClInclude Include="..\Inc\usart.h">
      <Filter>Header files\Src</Filter>
    </ClInclude>
    <ClInclude Include="..\Inc\user_diskio.h">
      <Filter>Header files\Src</Filter>
    </ClInclude>
    <None Include="EmbeddedProject1-Debug.vgdbsettings">
      <Filter>VisualGDB settings</Filter>
    </None>
    <None Include="EmbeddedProject1-Release.vgdbsettings">
      <Filter>VisualGDB settings</Filter>
    </None>
    <None Include="stm32.xml">
      <Filter>VisualGDB settings</Filter>
    </None>
    <ClCompile Include="..\Middlewares\sdcard\sdcard.c">
      <Filter>Source files\Middlewares\sdcard</Filter>
    </ClCompile>
  </ItemGroup>
  <ItemGroup>
    <ClInclude Include="..\Middlewares\sdcard\sdcard.h">
      <Filter>Source files\Middlewares\sdcard</Filter>
    </ClInclude>
  </ItemGroup>
</Project>